// !$*UTF8*$!
{
	archiveVersion = 1;
	classes = {
	};
	objectVersion = 56;
	objects = {

/* Begin PBXBuildFile section */
		218941D547EC8B7FCBB33EB7 /* Pods_MorphingMCPE.framework in Frameworks */ = {isa = PBXBuildFile; fileRef = 5AC6C3330D63351F77AB2FEA /* Pods_MorphingMCPE.framework */; };
		EA4055AE2F9E048D00A00846 /* AppDelegate.swift in Sources */ = {isa = PBXBuildFile; fileRef = EA4055AD2F9E048D00A00846 /* AppDelegate.swift */; };
		EA4055B02F9E048D00A00846 /* SceneDelegate.swift in Sources */ = {isa = PBXBuildFile; fileRef = EA4055AF2F9E048D00A00846 /* SceneDelegate.swift */; };
		EA4055B22F9E048D00A00846 /* ViewController.swift in Sources */ = {isa = PBXBuildFile; fileRef = EA4055B12F9E048D00A00846 /* ViewController.swift */; };
		EA4055B52F9E048D00A00846 /* Main.storyboard in Resources */ = {isa = PBXBuildFile; fileRef = EA4055B32F9E048D00A00846 /* Main.storyboard */; };
		EA4055B72F9E049000A00846 /* Assets.xcassets in Resources */ = {isa = PBXBuildFile; fileRef = EA4055B62F9E049000A00846 /* Assets.xcassets */; };
		EA4055BA2F9E049000A00846 /* LaunchScreen.storyboard in Resources */ = {isa = PBXBuildFile; fileRef = EA4055B82F9E049000A00846 /* LaunchScreen.storyboard */; };
		EA4055E92F9E07D200A00846 /* Addon.swift in Sources */ = {isa = PBXBuildFile; fileRef = EA4055E22F9E07D200A00846 /* Addon.swift */; };
		EA4055EA2F9E07D200A00846 /* FileHelper.swift in Sources */ = {isa = PBXBuildFile; fileRef = EA4055E32F9E07D200A00846 /* FileHelper.swift */; };
		EA4055EB2F9E07D200A00846 /* MorphModViewModel.swift in Sources */ = {isa = PBXBuildFile; fileRef = EA4055E42F9E07D200A00846 /* MorphModViewModel.swift */; };
		EA4055EC2F9E07D200A00846 /* WebUtility.swift in Sources */ = {isa = PBXBuildFile; fileRef = EA4055E52F9E07D200A00846 /* WebUtility.swift */; };
		EA4055ED2F9E07D200A00846 /* Skin.swift in Sources */ = {isa = PBXBuildFile; fileRef = EA4055E62F9E07D200A00846 /* Skin.swift */; };
		EA4055EE2F9E07D200A00846 /* AppViewModel.swift in Sources */ = {isa = PBXBuildFile; fileRef = EA4055E72F9E07D200A00846 /* AppViewModel.swift */; };
		EA4055EF2F9E07D200A00846 /* StoreViewModel.swift in Sources */ = {isa = PBXBuildFile; fileRef = EA4055E82F9E07D200A00846 /* StoreViewModel.swift */; };
/* End PBXBuildFile section */

/* Begin PBXFileReference section */
		5AC6C3330D63351F77AB2FEA /* Pods_MorphingMCPE.framework */ = {isa = PBXFileReference; explicitFileType = wrapper.framework; includeInIndex = 0; path = Pods_MorphingMCPE.framework; sourceTree = BUILT_PRODUCTS_DIR; };
		982D1038B66DEC5C0F6CFDFC /* Pods-MorphingMCPE.debug.xcconfig */ = {isa = PBXFileReference; includeInIndex = 1; lastKnownFileType = text.xcconfig; name = "Pods-MorphingMCPE.debug.xcconfig"; path = "Target Support Files/Pods-MorphingMCPE/Pods-MorphingMCPE.debug.xcconfig"; sourceTree = "<group>"; };
		DE7A13FCC159383CDD0F85E9 /* Pods-MorphingMCPE.release.xcconfig */ = {isa = PBXFileReference; includeInIndex = 1; lastKnownFileType = text.xcconfig; name = "Pods-MorphingMCPE.release.xcconfig"; path = "Target Support Files/Pods-MorphingMCPE/Pods-MorphingMCPE.release.xcconfig"; sourceTree = "<group>"; };
		EA4055AA2F9E048D00A00846 /* MorphingMCPE.app */ = {isa = PBXFileReference; explicitFileType = wrapper.application; includeInIndex = 0; path = MorphingMCPE.app; sourceTree = BUILT_PRODUCTS_DIR; };
		EA4055AD2F9E048D00A00846 /* AppDelegate.swift */ = {isa = PBXFileReference; lastKnownFileType = sourcecode.swift; path = AppDelegate.swift; sourceTree = "<group>"; };
		EA4055AF2F9E048D00A00846 /* SceneDelegate.swift */ = {isa = PBXFileReference; lastKnownFileType = sourcecode.swift; path = SceneDelegate.swift; sourceTree = "<group>"; };
		EA4055B12F9E048D00A00846 /* ViewController.swift */ = {isa = PBXFileReference; lastKnownFileType = sourcecode.swift; path = ViewController.swift; sourceTree = "<group>"; };
		EA4055B42F9E048D00A00846 /* Base */ = {isa = PBXFileReference; lastKnownFileType = file.storyboard; name = Base; path = Base.lproj/Main.storyboard; sourceTree = "<group>"; };
		EA4055B62F9E049000A00846 /* Assets.xcassets */ = {isa = PBXFileReference; lastKnownFileType = folder.assetcatalog; path = Assets.xcassets; sourceTree = "<group>"; };
		EA4055B92F9E049000A00846 /* Base */ = {isa = PBXFileReference; lastKnownFileType = file.storyboard; name = Base; path = Base.lproj/LaunchScreen.storyboard; sourceTree = "<group>"; };
		EA4055BB2F9E049000A00846 /* Info.plist */ = {isa = PBXFileReference; lastKnownFileType = text.plist.xml; path = Info.plist; sourceTree = "<group>"; };
		EA4055E22F9E07D200A00846 /* Addon.swift */ = {isa = PBXFileReference; fileEncoding = 4; lastKnownFileType = sourcecode.swift; path = Addon.swift; sourceTree = "<group>"; };
		EA4055E32F9E07D200A00846 /* FileHelper.swift */ = {isa = PBXFileReference; fileEncoding = 4; lastKnownFileType = sourcecode.swift; path = FileHelper.swift; sourceTree = "<group>"; };
		EA4055E42F9E07D200A00846 /* MorphModViewModel.swift */ = {isa = PBXFileReference; fileEncoding = 4; lastKnownFileType = sourcecode.swift; path = MorphModViewModel.swift; sourceTree = "<group>"; };
		EA4055E52F9E07D200A00846 /* WebUtility.swift */ = {isa = PBXFileReference; fileEncoding = 4; lastKnownFileType = sourcecode.swift; path = WebUtility.swift; sourceTree = "<group>"; };
		EA4055E62F9E07D200A00846 /* Skin.swift */ = {isa = PBXFileReference; fileEncoding = 4; lastKnownFileType = sourcecode.swift; path = Skin.swift; sourceTree = "<group>"; };
		EA4055E72F9E07D200A00846 /* AppViewModel.swift */ = {isa = PBXFileReference; fileEncoding = 4; lastKnownFileType = sourcecode.swift; path = AppViewModel.swift; sourceTree = "<group>"; };
		EA4055E82F9E07D200A00846 /* StoreViewModel.swift */ = {isa = PBXFileReference; fileEncoding = 4; lastKnownFileType = sourcecode.swift; path = StoreViewModel.swift; sourceTree = "<group>"; };
/* End PBXFileReference section */

/* Begin PBXFrameworksBuildPhase section */
		EA4055A72F9E048D00A00846 /* Frameworks */ = {
			isa = PBXFrameworksBuildPhase;
			buildActionMask = 2147483647;
			files = (
				218941D547EC8B7FCBB33EB7 /* Pods_MorphingMCPE.framework in Frameworks */,
			);
			runOnlyForDeploymentPostprocessing = 0;
		};
/* End PBXFrameworksBuildPhase section */

/* Begin PBXGroup section */
		7F83F05AC44DF92005DC3954 /* Pods */ = {
			isa = PBXGroup;
			children = (
				982D1038B66DEC5C0F6CFDFC /* Pods-MorphingMCPE.debug.xcconfig */,
				DE7A13FCC159383CDD0F85E9 /* Pods-MorphingMCPE.release.xcconfig */,
			);
			path = Pods;
			sourceTree = "<group>";
		};
		BCD339196C84D9D9B6155D0B /* Frameworks */ = {
			isa = PBXGroup;
			children = (
				5AC6C3330D63351F77AB2FEA /* Pods_MorphingMCPE.framework */,
			);
			name = Frameworks;
			sourceTree = "<group>";
		};
		EA4055A12F9E048D00A00846 = {
			isa = PBXGroup;
			children = (
				EA4055AC2F9E048D00A00846 /* MorphingMCPE */,
				EA4055AB2F9E048D00A00846 /* Products */,
				7F83F05AC44DF92005DC3954 /* Pods */,
				BCD339196C84D9D9B6155D0B /* Frameworks */,
			);
			sourceTree = "<group>";
		};
		EA4055AB2F9E048D00A00846 /* Products */ = {
			isa = PBXGroup;
			children = (
				EA4055AA2F9E048D00A00846 /* MorphingMCPE.app */,
			);
			name = Products;
			sourceTree = "<group>";
		};
		EA4055AC2F9E048D00A00846 /* MorphingMCPE */ = {
			isa = PBXGroup;
			children = (
				EA4055E12F9E07D200A00846 /* Model */,
				EA4055AD2F9E048D00A00846 /* AppDelegate.swift */,
				EA4055AF2F9E048D00A00846 /* SceneDelegate.swift */,
				EA4055B12F9E048D00A00846 /* ViewController.swift */,
				EA4055B32F9E048D00A00846 /* Main.storyboard */,
				EA4055B62F9E049000A00846 /* Assets.xcassets */,
				EA4055B82F9E049000A00846 /* LaunchScreen.storyboard */,
				EA4055BB2F9E049000A00846 /* Info.plist */,
			);
			path = MorphingMCPE;
			sourceTree = "<group>";
		};
		EA4055E12F9E07D200A00846 /* Model */ = {
			isa = PBXGroup;
			children = (
				EA4055E22F9E07D200A00846 /* Addon.swift */,
				EA4055E32F9E07D200A00846 /* FileHelper.swift */,
				EA4055E42F9E07D200A00846 /* MorphModViewModel.swift */,
				EA4055E52F9E07D200A00846 /* WebUtility.swift */,
				EA4055E62F9E07D200A00846 /* Skin.swift */,
				EA4055E72F9E07D200A00846 /* AppViewModel.swift */,
				EA4055E82F9E07D200A00846 /* StoreViewModel.swift */,
			);
			path = Model;
			sourceTree = "<group>";
		};
/* End PBXGroup section */

/* Begin PBXNativeTarget section */
		EA4055A92F9E048D00A00846 /* MorphingMCPE */ = {
			isa = PBXNativeTarget;
			buildConfigurationList = EA4055BE2F9E049000A00846 /* Build configuration list for PBXNativeTarget "MorphingMCPE" */;
			buildPhases = (
				4D502B17D27B58AC3BB51590 /* [CP] Check Pods Manifest.lock */,
				EA4055A62F9E048D00A00846 /* Sources */,
				EA4055A72F9E048D00A00846 /* Frameworks */,
				EA4055A82F9E048D00A00846 /* Resources */,
				E08B041DF1FA84F630276B31 /* [CP] Embed Pods Frameworks */,
			);
			buildRules = (
			);
			dependencies = (
			);
			name = MorphingMCPE;
			productName = MorphingMCPE;
			productReference = EA4055AA2F9E048D00A00846 /* MorphingMCPE.app */;
			productType = "com.apple.product-type.application";
		};
/* End PBXNativeTarget section */

/* Begin PBXProject section */
		EA4055A22F9E048D00A00846 /* Project object */ = {
			isa = PBXProject;
			attributes = {
				BuildIndependentTargetsInParallel = 1;
				LastSwiftUpdateCheck = 1520;
				LastUpgradeCheck = 1520;
				TargetAttributes = {
					EA4055A92F9E048D00A00846 = {
						CreatedOnToolsVersion = 15.2;
					};
				};
			};
			buildConfigurationList = EA4055A52F9E048D00A00846 /* Build configuration list for PBXProject "MorphingMCPE" */;
			compatibilityVersion = "Xcode 14.0";
			developmentRegion = en;
			hasScannedForEncodings = 0;
			knownRegions = (
				en,
				Base,
			);
			mainGroup = EA4055A12F9E048D00A00846;
			productRefGroup = EA4055AB2F9E048D00A00846 /* Products */;
			projectDirPath = "";
			projectRoot = "";
			targets = (
				EA4055A92F9E048D00A00846 /* MorphingMCPE */,
			);
		};
/* End PBXProject section */

/* Begin PBXResourcesBuildPhase section */
		EA4055A82F9E048D00A00846 /* Resources */ = {
			isa = PBXResourcesBuildPhase;
			buildActionMask = 2147483647;
			files = (
				EA4055BA2F9E049000A00846 /* LaunchScreen.storyboard in Resources */,
				EA4055B72F9E049000A00846 /* Assets.xcassets in Resources */,
				EA4055B52F9E048D00A00846 /* Main.storyboard in Resources */,
			);
			runOnlyForDeploymentPostprocessing = 0;
		};
/* End PBXResourcesBuildPhase section */

/* Begin PBXShellScriptBuildPhase section */
		4D502B17D27B58AC3BB51590 /* [CP] Check Pods Manifest.lock */ = {
			isa = PBXShellScriptBuildPhase;
			buildActionMask = 2147483647;
			files = (
			);
			inputFileListPaths = (
			);
			inputPaths = (
				"${PODS_PODFILE_DIR_PATH}/Podfile.lock",
				"${PODS_ROOT}/Manifest.lock",
			);
			name = "[CP] Check Pods Manifest.lock";
			outputFileListPaths = (
			);
			outputPaths = (
				"$(DERIVED_FILE_DIR)/Pods-MorphingMCPE-checkManifestLockResult.txt",
			);
			runOnlyForDeploymentPostprocessing = 0;
			shellPath = /bin/sh;
			shellScript = "diff \"${PODS_PODFILE_DIR_PATH}/Podfile.lock\" \"${PODS_ROOT}/Manifest.lock\" > /dev/null\nif [ $? != 0 ] ; then\n    # print error to STDERR\n    echo \"error: The sandbox is not in sync with the Podfile.lock. Run 'pod install' or update your CocoaPods installation.\" >&2\n    exit 1\nfi\n# This output is used by Xcode 'outputs' to avoid re-running this script phase.\necho \"SUCCESS\" > \"${SCRIPT_OUTPUT_FILE_0}\"\n";
			showEnvVarsInLog = 0;
		};
		E08B041DF1FA84F630276B31 /* [CP] Embed Pods Frameworks */ = {
			isa = PBXShellScriptBuildPhase;
			buildActionMask = 2147483647;
			files = (
			);
			inputFileListPaths = (
				"${PODS_ROOT}/Target Support Files/Pods-MorphingMCPE/Pods-MorphingMCPE-frameworks-${CONFIGURATION}-input-files.xcfilelist",
			);
			name = "[CP] Embed Pods Frameworks";
			outputFileListPaths = (
				"${PODS_ROOT}/Target Support Files/Pods-MorphingMCPE/Pods-MorphingMCPE-frameworks-${CONFIGURATION}-output-files.xcfilelist",
			);
			runOnlyForDeploymentPostprocessing = 0;
			shellPath = /bin/sh;
			shellScript = "\"${PODS_ROOT}/Target Support Files/Pods-MorphingMCPE/Pods-MorphingMCPE-frameworks.sh\"\n";
			showEnvVarsInLog = 0;
		};
/* End PBXShellScriptBuildPhase section */

/* Begin PBXSourcesBuildPhase section */
		EA4055A62F9E048D00A00846 /* Sources */ = {
			isa = PBXSourcesBuildPhase;
			buildActionMask = 2147483647;
			files = (
				EA4055EC2F9E07D200A00846 /* WebUtility.swift in Sources */,
				EA4055EB2F9E07D200A00846 /* MorphModViewModel.swift in Sources */,
				EA4055EE2F9E07D200A00846 /* AppViewModel.swift in Sources */,
				EA4055ED2F9E07D200A00846 /* Skin.swift in Sources */,
				EA4055E92F9E07D200A00846 /* Addon.swift in Sources */,
				EA4055B22F9E048D00A00846 /* ViewController.swift in Sources */,
				EA4055AE2F9E048D00A00846 /* AppDelegate.swift in Sources */,
				EA4055B02F9E048D00A00846 /* SceneDelegate.swift in Sources */,
				EA4055EF2F9E07D200A00846 /* StoreViewModel.swift in Sources */,
				EA4055EA2F9E07D200A00846 /* FileHelper.swift in Sources */,
			);
			runOnlyForDeploymentPostprocessing = 0;
		};
/* End PBXSourcesBuildPhase section */

/* Begin PBXVariantGroup section */
		EA4055B32F9E048D00A00846 /* Main.storyboard */ = {
			isa = PBXVariantGroup;
			children = (
				EA4055B42F9E048D00A00846 /* Base */,
			);
			name = Main.storyboard;
			sourceTree = "<group>";
		};
		EA4055B82F9E049000A00846 /* LaunchScreen.storyboard */ = {
			isa = PBXVariantGroup;
			children = (
				EA4055B92F9E049000A00846 /* Base */,
			);
			name = LaunchScreen.storyboard;
			sourceTree = "<group>";
		};
/* End PBXVariantGroup section */

/* Begin XCBuildConfiguration section */
		EA4055BC2F9E049000A00846 /* Debug */ = {
			isa = XCBuildConfiguration;
			buildSettings = {
				ALWAYS_SEARCH_USER_PATHS = NO;
				ASSETCATALOG_COMPILER_GENERATE_SWIFT_ASSET_SYMBOL_EXTENSIONS = YES;
				CLANG_ANALYZER_NONNULL = YES;
				CLANG_ANALYZER_NUMBER_OBJECT_CONVERSION = YES_AGGRESSIVE;
				CLANG_CXX_LANGUAGE_STANDARD = "gnu++20";
				CLANG_ENABLE_MODULES = YES;
				CLANG_ENABLE_OBJC_ARC = YES;
				CLANG_ENABLE_OBJC_WEAK = YES;
				CLANG_WARN_BLOCK_CAPTURE_AUTORELEASING = YES;
				CLANG_WARN_BOOL_CONVERSION = YES;
				CLANG_WARN_COMMA = YES;
				CLANG_WARN_CONSTANT_CONVERSION = YES;
				CLANG_WARN_DEPRECATED_OBJC_IMPLEMENTATIONS = YES;
				CLANG_WARN_DIRECT_OBJC_ISA_USAGE = YES_ERROR;
				CLANG_WARN_DOCUMENTATION_COMMENTS = YES;
				CLANG_WARN_EMPTY_BODY = YES;
				CLANG_WARN_ENUM_CONVERSION = YES;
				CLANG_WARN_INFINITE_RECURSION = YES;
				CLANG_WARN_INT_CONVERSION = YES;
				CLANG_WARN_NON_LITERAL_NULL_CONVERSION = YES;
				CLANG_WARN_OBJC_IMPLICIT_RETAIN_SELF = YES;
				CLANG_WARN_OBJC_LITERAL_CONVERSION = YES;
				CLANG_WARN_OBJC_ROOT_CLASS = YES_ERROR;
				CLANG_WARN_QUOTED_INCLUDE_IN_FRAMEWORK_HEADER = YES;
				CLANG_WARN_RANGE_LOOP_ANALYSIS = YES;
				CLANG_WARN_STRICT_PROTOTYPES = YES;
				CLANG_WARN_SUSPICIOUS_MOVE = YES;
				CLANG_WARN_UNGUARDED_AVAILABILITY = YES_AGGRESSIVE;
				CLANG_WARN_UNREACHABLE_CODE = YES;
				CLANG_WARN__DUPLICATE_METHOD_MATCH = YES;
				COPY_PHASE_STRIP = NO;
				DEBUG_INFORMATION_FORMAT = dwarf;
				ENABLE_STRICT_OBJC_MSGSEND = YES;
				ENABLE_TESTABILITY = YES;
				ENABLE_USER_SCRIPT_SANDBOXING = YES;
				GCC_C_LANGUAGE_STANDARD = gnu17;
				GCC_DYNAMIC_NO_PIC = NO;
				GCC_NO_COMMON_BLOCKS = YES;
				GCC_OPTIMIZATION_LEVEL = 0;
				GCC_PREPROCESSOR_DEFINITIONS = (
					"DEBUG=1",
					"$(inherited)",
				);
				GCC_WARN_64_TO_32_BIT_CONVERSION = YES;
				GCC_WARN_ABOUT_RETURN_TYPE = YES_ERROR;
				GCC_WARN_UNDECLARED_SELECTOR = YES;
				GCC_WARN_UNINITIALIZED_AUTOS = YES_AGGRESSIVE;
				GCC_WARN_UNUSED_FUNCTION = YES;
				GCC_WARN_UNUSED_VARIABLE = YES;
				IPHONEOS_DEPLOYMENT_TARGET = 17.2;
				LOCALIZATION_PREFERS_STRING_CATALOGS = YES;
				MTL_ENABLE_DEBUG_INFO = INCLUDE_SOURCE;
				MTL_FAST_MATH = YES;
				ONLY_ACTIVE_ARCH = YES;
				SDKROOT = iphoneos;
				SWIFT_ACTIVE_COMPILATION_CONDITIONS = "DEBUG $(inherited)";
				SWIFT_OPTIMIZATION_LEVEL = "-Onone";
			};
			name = Debug;
		};
		EA4055BD2F9E049000A00846 /* Release */ = {
			isa = XCBuildConfiguration;
			buildSettings = {
				ALWAYS_SEARCH_USER_PATHS = NO;
				ASSETCATALOG_COMPILER_GENERATE_SWIFT_ASSET_SYMBOL_EXTENSIONS = YES;
				CLANG_ANALYZER_NONNULL = YES;
				CLANG_ANALYZER_NUMBER_OBJECT_CONVERSION = YES_AGGRESSIVE;
				CLANG_CXX_LANGUAGE_STANDARD = "gnu++20";
				CLANG_ENABLE_MODULES = YES;
				CLANG_ENABLE_OBJC_ARC = YES;
				CLANG_ENABLE_OBJC_WEAK = YES;
				CLANG_WARN_BLOCK_CAPTURE_AUTORELEASING = YES;
				CLANG_WARN_BOOL_CONVERSION = YES;
				CLANG_WARN_COMMA = YES;
				CLANG_WARN_CONSTANT_CONVERSION = YES;
				CLANG_WARN_DEPRECATED_OBJC_IMPLEMENTATIONS = YES;
				CLANG_WARN_DIRECT_OBJC_ISA_USAGE = YES_ERROR;
				CLANG_WARN_DOCUMENTATION_COMMENTS = YES;
				CLANG_WARN_EMPTY_BODY = YES;
				CLANG_WARN_ENUM_CONVERSION = YES;
				CLANG_WARN_INFINITE_RECURSION = YES;
				CLANG_WARN_INT_CONVERSION = YES;
				CLANG_WARN_NON_LITERAL_NULL_CONVERSION = YES;
				CLANG_WARN_OBJC_IMPLICIT_RETAIN_SELF = YES;
				CLANG_WARN_OBJC_LITERAL_CONVERSION = YES;
				CLANG_WARN_OBJC_ROOT_CLASS = YES_ERROR;
				CLANG_WARN_QUOTED_INCLUDE_IN_FRAMEWORK_HEADER = YES;
				CLANG_WARN_RANGE_LOOP_ANALYSIS = YES;
				CLANG_WARN_STRICT_PROTOTYPES = YES;
				CLANG_WARN_SUSPICIOUS_MOVE = YES;
				CLANG_WARN_UNGUARDED_AVAILABILITY = YES_AGGRESSIVE;
				CLANG_WARN_UNREACHABLE_CODE = YES;
				CLANG_WARN__DUPLICATE_METHOD_MATCH = YES;
				COPY_PHASE_STRIP = NO;
				DEBUG_INFORMATION_FORMAT = "dwarf-with-dsym";
				ENABLE_NS_ASSERTIONS = NO;
				ENABLE_STRICT_OBJC_MSGSEND = YES;
				ENABLE_USER_SCRIPT_SANDBOXING = YES;
				GCC_C_LANGUAGE_STANDARD = gnu17;
				GCC_NO_COMMON_BLOCKS = YES;
				GCC_WARN_64_TO_32_BIT_CONVERSION = YES;
				GCC_WARN_ABOUT_RETURN_TYPE = YES_ERROR;
				GCC_WARN_UNDECLARED_SELECTOR = YES;
				GCC_WARN_UNINITIALIZED_AUTOS = YES_AGGRESSIVE;
				GCC_WARN_UNUSED_FUNCTION = YES;
				GCC_WARN_UNUSED_VARIABLE = YES;
				IPHONEOS_DEPLOYMENT_TARGET = 17.2;
				LOCALIZATION_PREFERS_STRING_CATALOGS = YES;
				MTL_ENABLE_DEBUG_INFO = NO;
				MTL_FAST_MATH = YES;
				SDKROOT = iphoneos;
				SWIFT_COMPILATION_MODE = wholemodule;
				VALIDATE_PRODUCT = YES;
			};
			name = Release;
		};
		EA4055BF2F9E049000A00846 /* Debug */ = {
			isa = XCBuildConfiguration;
			baseConfigurationReference = 982D1038B66DEC5C0F6CFDFC /* Pods-MorphingMCPE.debug.xcconfig */;
			buildSettings = {
				ASSETCATALOG_COMPILER_APPICON_NAME = AppIcon;
				ASSETCATALOG_COMPILER_GLOBAL_ACCENT_COLOR_NAME = AccentColor;
				CODE_SIGN_STYLE = Automatic;
				CURRENT_PROJECT_VERSION = 1;
				DEVELOPMENT_TEAM = RNUQL3R56W;
				ENABLE_USER_SCRIPT_SANDBOXING = NO;
				GENERATE_INFOPLIST_FILE = YES;
				INFOPLIST_FILE = MorphingMCPE/Info.plist;
				INFOPLIST_KEY_UIApplicationSupportsIndirectInputEvents = YES;
				INFOPLIST_KEY_UILaunchStoryboardName = LaunchScreen;
				INFOPLIST_KEY_UIMainStoryboardFile = Main;
				INFOPLIST_KEY_UISupportedInterfaceOrientations_iPad = "UIInterfaceOrientationPortrait UIInterfaceOrientationPortraitUpsideDown UIInterfaceOrientationLandscapeLeft UIInterfaceOrientationLandscapeRight";
				INFOPLIST_KEY_UISupportedInterfaceOrientations_iPhone = "UIInterfaceOrientationPortrait UIInterfaceOrientationLandscapeLeft UIInterfaceOrientationLandscapeRight";
				LD_RUNPATH_SEARCH_PATHS = (
					"$(inherited)",
					"@executable_path/Frameworks",
				);
				MARKETING_VERSION = 1.0;
				PRODUCT_BUNDLE_IDENTIFIER = com.jalistudio2020.MorphingMCPE;
				PRODUCT_NAME = "$(TARGET_NAME)";
				SWIFT_EMIT_LOC_STRINGS = YES;
				SWIFT_VERSION = 5.0;
				TARGETED_DEVICE_FAMILY = "1,2";
			};
			name = Debug;
		};
		EA4055C02F9E049000A00846 /* Release */ = {
			isa = XCBuildConfiguration;
			baseConfigurationReference = DE7A13FCC159383CDD0F85E9 /* Pods-MorphingMCPE.release.xcconfig */;
			buildSettings = {
				ASSETCATALOG_COMPILER_APPICON_NAME = AppIcon;
				ASSETCATALOG_COMPILER_GLOBAL_ACCENT_COLOR_NAME = AccentColor;
				CODE_SIGN_STYLE = Automatic;
				CURRENT_PROJECT_VERSION = 1;
				DEVELOPMENT_TEAM = RNUQL3R56W;
				ENABLE_USER_SCRIPT_SANDBOXING = NO;
				GENERATE_INFOPLIST_FILE = YES;
				INFOPLIST_FILE = MorphingMCPE/Info.plist;
				INFOPLIST_KEY_UIApplicationSupportsIndirectInputEvents = YES;
				INFOPLIST_KEY_UILaunchStoryboardName = LaunchScreen;
				INFOPLIST_KEY_UIMainStoryboardFile = Main;
				INFOPLIST_KEY_UISupportedInterfaceOrientations_iPad = "UIInterfaceOrientationPortrait UIInterfaceOrientationPortraitUpsideDown UIInterfaceOrientationLandscapeLeft UIInterfaceOrientationLandscapeRight";
				INFOPLIST_KEY_UISupportedInterfaceOrientations_iPhone = "UIInterfaceOrientationPortrait UIInterfaceOrientationLandscapeLeft UIInterfaceOrientationLandscapeRight";
				LD_RUNPATH_SEARCH_PATHS = (
					"$(inherited)",
					"@executable_path/Frameworks",
				);
				MARKETING_VERSION = 1.0;
				PRODUCT_BUNDLE_IDENTIFIER = com.jalistudio2020.MorphingMCPE;
				PRODUCT_NAME = "$(TARGET_NAME)";
				SWIFT_EMIT_LOC_STRINGS = YES;
				SWIFT_VERSION = 5.0;
				TARGETED_DEVICE_FAMILY = "1,2";
			};
			name = Release;
		};
/* End XCBuildConfiguration section */

/* Begin XCConfigurationList section */
		EA4055A52F9E048D00A00846 /* Build configuration list for PBXProject "MorphingMCPE" */ = {
			isa = XCConfigurationList;
			buildConfigurations = (
				EA4055BC2F9E049000A00846 /* Debug */,
				EA4055BD2F9E049000A00846 /* Release */,
			);
			defaultConfigurationIsVisible = 0;
			defaultConfigurationName = Release;
		};
		EA4055BE2F9E049000A00846 /* Build configuration list for PBXNativeTarget "MorphingMCPE" */ = {
			isa = XCConfigurationList;
			buildConfigurations = (
				EA4055BF2F9E049000A00846 /* Debug */,
				EA4055C02F9E049000A00846 /* Release */,
			);
			defaultConfigurationIsVisible = 0;
			defaultConfigurationName = Release;
		};
/* End XCConfigurationList section */
	};
	rootObject = EA4055A22F9E048D00A00846 /* Project object */;
}
